
Microsoft Visual Studio Solution File, Format Version 12.00
# Visual Studio 14
VisualStudioVersion = 14.0.25420.1
MinimumVisualStudioVersion = 10.0.40219.1
Project("{FAE04EC0-301F-11D3-BF4B-00C04F79EFBC}") = "Sovanny_Yun_CST356_Lab5", "Sovanny_Yun_CST356_Lab5\Sovanny_Yun_CST356_Lab5.csproj", "{B8FD100E-D746-4D9C-9D3A-2F542502A5C2}"
EndProject
Global
	GlobalSection(SolutionConfigurationPlatforms) = preSolution
		Debug|Any CPU = Debug|Any CPU
		Release|Any CPU = Release|Any CPU
	EndGlobalSection
	GlobalSection(ProjectConfigurationPlatforms) = postSolution
		{B8FD100E-D746-4D9C-9D3A-2F542502A5C2}.Debug|Any CPU.ActiveCfg = Debug|Any CPU
		{B8FD100E-D746-4D9C-9D3A-2F542502A5C2}.Debug|Any CPU.Build.0 = Debug|Any CPU
		{B8FD100E-D746-4D9C-9D3A-2F542502A5C2}.Release|Any CPU.ActiveCfg = Release|Any CPU
		{B8FD100E-D746-4D9C-9D3A-2F542502A5C2}.Release|Any CPU.Build.0 = Release|Any CPU
	EndGlobalSection
	GlobalSection(SolutionProperties) = preSolution
		HideSolutionNode = FALSE
	EndGlobalSection
EndGlobal
